// !$*UTF8*$!
{
	archiveVersion = 1;
	classes = {
	};
	objectVersion = 56;
	objects = {

/* Begin PBXBuildFile section */
		0E1D20822BAD822A00450D8B /* TextFieldCustom.swift in Sources */ = {isa = PBXBuildFile; fileRef = 0E1D20812BAD822A00450D8B /* TextFieldCustom.swift */; };
		0E1D20842BAD9DBF00450D8B /* RegisterViewModel.swift in Sources */ = {isa = PBXBuildFile; fileRef = 0E1D20832BAD9DBF00450D8B /* RegisterViewModel.swift */; };
		0E1D20872BAD9FE600450D8B /* AuthentificationService.swift in Sources */ = {isa = PBXBuildFile; fileRef = 0E1D20862BAD9FE600450D8B /* AuthentificationService.swift */; };
		0E1D208C2BADA21B00450D8B /* FirebaseAuth in Frameworks */ = {isa = PBXBuildFile; productRef = 0E1D208B2BADA21B00450D8B /* FirebaseAuth */; };
		0E1D208E2BADA21B00450D8B /* FirebaseDatabase in Frameworks */ = {isa = PBXBuildFile; productRef = 0E1D208D2BADA21B00450D8B /* FirebaseDatabase */; };
		0E1D20902BADA21B00450D8B /* FirebaseFirestore in Frameworks */ = {isa = PBXBuildFile; productRef = 0E1D208F2BADA21B00450D8B /* FirebaseFirestore */; };
		0E1D20922BADA21B00450D8B /* FirebaseFirestoreSwift in Frameworks */ = {isa = PBXBuildFile; productRef = 0E1D20912BADA21B00450D8B /* FirebaseFirestoreSwift */; };
		0E1D20942BADA78200450D8B /* GoogleService-Info.plist in Resources */ = {isa = PBXBuildFile; fileRef = 0E1D20932BADA78200450D8B /* GoogleService-Info.plist */; };
		0E1D20962BADA8AA00450D8B /* FirebaseReferanceCollection.swift in Sources */ = {isa = PBXBuildFile; fileRef = 0E1D20952BADA8AA00450D8B /* FirebaseReferanceCollection.swift */; };
		0E1D20982BADC5A200450D8B /* UserService.swift in Sources */ = {isa = PBXBuildFile; fileRef = 0E1D20972BADC5A200450D8B /* UserService.swift */; };
		0E1D209D2BADDE1C00450D8B /* TabBarViewViewModel.swift in Sources */ = {isa = PBXBuildFile; fileRef = 0E1D209C2BADDE1C00450D8B /* TabBarViewViewModel.swift */; };
		0E1D209F2BADE39900450D8B /* ProfileViewModel.swift in Sources */ = {isa = PBXBuildFile; fileRef = 0E1D209E2BADE39900450D8B /* ProfileViewModel.swift */; };
		0E1D20A22BADEDD700450D8B /* LoginViewModel.swift in Sources */ = {isa = PBXBuildFile; fileRef = 0E1D20A12BADEDD700450D8B /* LoginViewModel.swift */; };
		0E2D46742BAC36B200593FF2 /* eBay2_0App.swift in Sources */ = {isa = PBXBuildFile; fileRef = 0E2D46732BAC36B200593FF2 /* eBay2_0App.swift */; };
		0E2D46762BAC36B200593FF2 /* TabBarView.swift in Sources */ = {isa = PBXBuildFile; fileRef = 0E2D46752BAC36B200593FF2 /* TabBarView.swift */; };
		0E2D46782BAC36B400593FF2 /* Assets.xcassets in Resources */ = {isa = PBXBuildFile; fileRef = 0E2D46772BAC36B400593FF2 /* Assets.xcassets */; };
		0E2D467B2BAC36B400593FF2 /* Preview Assets.xcassets in Resources */ = {isa = PBXBuildFile; fileRef = 0E2D467A2BAC36B400593FF2 /* Preview Assets.xcassets */; };
		0E2D468B2BAC4A9C00593FF2 /* HomeView.swift in Sources */ = {isa = PBXBuildFile; fileRef = 0E2D468A2BAC4A9C00593FF2 /* HomeView.swift */; };
		0E2D468D2BAC4AA900593FF2 /* SearchView.swift in Sources */ = {isa = PBXBuildFile; fileRef = 0E2D468C2BAC4AA900593FF2 /* SearchView.swift */; };
		0E2D46902BAC4B0200593FF2 /* FavoritesView.swift in Sources */ = {isa = PBXBuildFile; fileRef = 0E2D468F2BAC4B0200593FF2 /* FavoritesView.swift */; };
		0E2D46932BAC4B3F00593FF2 /* CartView.swift in Sources */ = {isa = PBXBuildFile; fileRef = 0E2D46922BAC4B3F00593FF2 /* CartView.swift */; };
		0E2D46962BAC4B5E00593FF2 /* ProfileView.swift in Sources */ = {isa = PBXBuildFile; fileRef = 0E2D46952BAC4B5E00593FF2 /* ProfileView.swift */; };
		0E2D469B2BAC4EF300593FF2 /* Category.swift in Sources */ = {isa = PBXBuildFile; fileRef = 0E2D469A2BAC4EF300593FF2 /* Category.swift */; };
		0E2D469D2BAC578900593FF2 /* ProductsView.swift in Sources */ = {isa = PBXBuildFile; fileRef = 0E2D469C2BAC578900593FF2 /* ProductsView.swift */; };
		0E2D469F2BAC57A700593FF2 /* ProductDetailView.swift in Sources */ = {isa = PBXBuildFile; fileRef = 0E2D469E2BAC57A700593FF2 /* ProductDetailView.swift */; };
		0E2D46A12BAC580C00593FF2 /* ProductCellView.swift in Sources */ = {isa = PBXBuildFile; fileRef = 0E2D46A02BAC580C00593FF2 /* ProductCellView.swift */; };
		0E2D46A32BAC584800593FF2 /* Product.swift in Sources */ = {isa = PBXBuildFile; fileRef = 0E2D46A22BAC584800593FF2 /* Product.swift */; };
		0E60EC102BAC9797000C8D20 /* User.swift in Sources */ = {isa = PBXBuildFile; fileRef = 0E60EC0F2BAC9797000C8D20 /* User.swift */; };
		0E60EC132BACB26D000C8D20 /* EditProfileView.swift in Sources */ = {isa = PBXBuildFile; fileRef = 0E60EC122BACB26D000C8D20 /* EditProfileView.swift */; };
		0E60EC172BACB58E000C8D20 /* LoginView.swift in Sources */ = {isa = PBXBuildFile; fileRef = 0E60EC162BACB58E000C8D20 /* LoginView.swift */; };
		0E60EC192BACB59B000C8D20 /* RegisterView.swift in Sources */ = {isa = PBXBuildFile; fileRef = 0E60EC182BACB59B000C8D20 /* RegisterView.swift */; };
/* End PBXBuildFile section */

/* Begin PBXFileReference section */
		0E1D20812BAD822A00450D8B /* TextFieldCustom.swift */ = {isa = PBXFileReference; lastKnownFileType = sourcecode.swift; path = TextFieldCustom.swift; sourceTree = "<group>"; };
		0E1D20832BAD9DBF00450D8B /* RegisterViewModel.swift */ = {isa = PBXFileReference; lastKnownFileType = sourcecode.swift; path = RegisterViewModel.swift; sourceTree = "<group>"; };
		0E1D20862BAD9FE600450D8B /* AuthentificationService.swift */ = {isa = PBXFileReference; lastKnownFileType = sourcecode.swift; path = AuthentificationService.swift; sourceTree = "<group>"; };
		0E1D20932BADA78200450D8B /* GoogleService-Info.plist */ = {isa = PBXFileReference; fileEncoding = 4; lastKnownFileType = text.plist.xml; path = "GoogleService-Info.plist"; sourceTree = "<group>"; };
		0E1D20952BADA8AA00450D8B /* FirebaseReferanceCollection.swift */ = {isa = PBXFileReference; lastKnownFileType = sourcecode.swift; path = FirebaseReferanceCollection.swift; sourceTree = "<group>"; };
		0E1D20972BADC5A200450D8B /* UserService.swift */ = {isa = PBXFileReference; lastKnownFileType = sourcecode.swift; path = UserService.swift; sourceTree = "<group>"; };
		0E1D209C2BADDE1C00450D8B /* TabBarViewViewModel.swift */ = {isa = PBXFileReference; lastKnownFileType = sourcecode.swift; path = TabBarViewViewModel.swift; sourceTree = "<group>"; };
		0E1D209E2BADE39900450D8B /* ProfileViewModel.swift */ = {isa = PBXFileReference; lastKnownFileType = sourcecode.swift; path = ProfileViewModel.swift; sourceTree = "<group>"; };
		0E1D20A12BADEDD700450D8B /* LoginViewModel.swift */ = {isa = PBXFileReference; lastKnownFileType = sourcecode.swift; path = LoginViewModel.swift; sourceTree = "<group>"; };
		0E2D46702BAC36B200593FF2 /* eBay2.0.app */ = {isa = PBXFileReference; explicitFileType = wrapper.application; includeInIndex = 0; path = eBay2.0.app; sourceTree = BUILT_PRODUCTS_DIR; };
		0E2D46732BAC36B200593FF2 /* eBay2_0App.swift */ = {isa = PBXFileReference; lastKnownFileType = sourcecode.swift; path = eBay2_0App.swift; sourceTree = "<group>"; };
		0E2D46752BAC36B200593FF2 /* TabBarView.swift */ = {isa = PBXFileReference; lastKnownFileType = sourcecode.swift; path = TabBarView.swift; sourceTree = "<group>"; };
		0E2D46772BAC36B400593FF2 /* Assets.xcassets */ = {isa = PBXFileReference; lastKnownFileType = folder.assetcatalog; path = Assets.xcassets; sourceTree = "<group>"; };
		0E2D467A2BAC36B400593FF2 /* Preview Assets.xcassets */ = {isa = PBXFileReference; lastKnownFileType = folder.assetcatalog; path = "Preview Assets.xcassets"; sourceTree = "<group>"; };
		0E2D468A2BAC4A9C00593FF2 /* HomeView.swift */ = {isa = PBXFileReference; lastKnownFileType = sourcecode.swift; path = HomeView.swift; sourceTree = "<group>"; };
		0E2D468C2BAC4AA900593FF2 /* SearchView.swift */ = {isa = PBXFileReference; lastKnownFileType = sourcecode.swift; path = SearchView.swift; sourceTree = "<group>"; };
		0E2D468F2BAC4B0200593FF2 /* FavoritesView.swift */ = {isa = PBXFileReference; lastKnownFileType = sourcecode.swift; path = FavoritesView.swift; sourceTree = "<group>"; };
		0E2D46922BAC4B3F00593FF2 /* CartView.swift */ = {isa = PBXFileReference; lastKnownFileType = sourcecode.swift; path = CartView.swift; sourceTree = "<group>"; };
		0E2D46952BAC4B5E00593FF2 /* ProfileView.swift */ = {isa = PBXFileReference; lastKnownFileType = sourcecode.swift; path = ProfileView.swift; sourceTree = "<group>"; };
		0E2D469A2BAC4EF300593FF2 /* Category.swift */ = {isa = PBXFileReference; lastKnownFileType = sourcecode.swift; path = Category.swift; sourceTree = "<group>"; };
		0E2D469C2BAC578900593FF2 /* ProductsView.swift */ = {isa = PBXFileReference; lastKnownFileType = sourcecode.swift; path = ProductsView.swift; sourceTree = "<group>"; };
		0E2D469E2BAC57A700593FF2 /* ProductDetailView.swift */ = {isa = PBXFileReference; lastKnownFileType = sourcecode.swift; path = ProductDetailView.swift; sourceTree = "<group>"; };
		0E2D46A02BAC580C00593FF2 /* ProductCellView.swift */ = {isa = PBXFileReference; lastKnownFileType = sourcecode.swift; path = ProductCellView.swift; sourceTree = "<group>"; };
		0E2D46A22BAC584800593FF2 /* Product.swift */ = {isa = PBXFileReference; lastKnownFileType = sourcecode.swift; path = Product.swift; sourceTree = "<group>"; };
		0E60EC0F2BAC9797000C8D20 /* User.swift */ = {isa = PBXFileReference; lastKnownFileType = sourcecode.swift; path = User.swift; sourceTree = "<group>"; };
		0E60EC122BACB26D000C8D20 /* EditProfileView.swift */ = {isa = PBXFileReference; lastKnownFileType = sourcecode.swift; path = EditProfileView.swift; sourceTree = "<group>"; };
		0E60EC162BACB58E000C8D20 /* LoginView.swift */ = {isa = PBXFileReference; lastKnownFileType = sourcecode.swift; path = LoginView.swift; sourceTree = "<group>"; };
		0E60EC182BACB59B000C8D20 /* RegisterView.swift */ = {isa = PBXFileReference; lastKnownFileType = sourcecode.swift; path = RegisterView.swift; sourceTree = "<group>"; };
/* End PBXFileReference section */

/* Begin PBXFrameworksBuildPhase section */
		0E2D466D2BAC36B200593FF2 /* Frameworks */ = {
			isa = PBXFrameworksBuildPhase;
			buildActionMask = 2147483647;
			files = (
				0E1D208E2BADA21B00450D8B /* FirebaseDatabase in Frameworks */,
				0E1D208C2BADA21B00450D8B /* FirebaseAuth in Frameworks */,
				0E1D20902BADA21B00450D8B /* FirebaseFirestore in Frameworks */,
				0E1D20922BADA21B00450D8B /* FirebaseFirestoreSwift in Frameworks */,
			);
			runOnlyForDeploymentPostprocessing = 0;
		};
/* End PBXFrameworksBuildPhase section */

/* Begin PBXGroup section */
		0E1D20852BAD9E0E00450D8B /* Views */ = {
			isa = PBXGroup;
			children = (
				0E60EC162BACB58E000C8D20 /* LoginView.swift */,
				0E60EC182BACB59B000C8D20 /* RegisterView.swift */,
			);
			path = Views;
			sourceTree = "<group>";
		};
		0E1D20A02BADEDBB00450D8B /* ViewModel */ = {
			isa = PBXGroup;
			children = (
				0E1D20832BAD9DBF00450D8B /* RegisterViewModel.swift */,
				0E1D20A12BADEDD700450D8B /* LoginViewModel.swift */,
			);
			path = ViewModel;
			sourceTree = "<group>";
		};
		0E2D46672BAC36B200593FF2 = {
			isa = PBXGroup;
			children = (
				0E2D46722BAC36B200593FF2 /* eBay2.0 */,
				0E1D20932BADA78200450D8B /* GoogleService-Info.plist */,
				0E2D46712BAC36B200593FF2 /* Products */,
			);
			sourceTree = "<group>";
		};
		0E2D46712BAC36B200593FF2 /* Products */ = {
			isa = PBXGroup;
			children = (
				0E2D46702BAC36B200593FF2 /* eBay2.0.app */,
			);
			name = Products;
			sourceTree = "<group>";
		};
		0E2D46722BAC36B200593FF2 /* eBay2.0 */ = {
			isa = PBXGroup;
			children = (
				0E2D46812BAC44AE00593FF2 /* App */,
				0E2D46832BAC44CC00593FF2 /* Core */,
				0E2D46822BAC44C800593FF2 /* Services */,
				0E2D46A42BAC85B400593FF2 /* Utils */,
				0E2D46772BAC36B400593FF2 /* Assets.xcassets */,
				0E2D46792BAC36B400593FF2 /* Preview Content */,
			);
			path = eBay2.0;
			sourceTree = "<group>";
		};
		0E2D46792BAC36B400593FF2 /* Preview Content */ = {
			isa = PBXGroup;
			children = (
				0E2D467A2BAC36B400593FF2 /* Preview Assets.xcassets */,
			);
			path = "Preview Content";
			sourceTree = "<group>";
		};
		0E2D46812BAC44AE00593FF2 /* App */ = {
			isa = PBXGroup;
			children = (
				0E2D46732BAC36B200593FF2 /* eBay2_0App.swift */,
			);
			path = App;
			sourceTree = "<group>";
		};
		0E2D46822BAC44C800593FF2 /* Services */ = {
			isa = PBXGroup;
			children = (
				0E1D20862BAD9FE600450D8B /* AuthentificationService.swift */,
				0E1D20972BADC5A200450D8B /* UserService.swift */,
			);
			path = Services;
			sourceTree = "<group>";
		};
		0E2D46832BAC44CC00593FF2 /* Core */ = {
			isa = PBXGroup;
			children = (
				0E2D46992BAC4E4D00593FF2 /* Models */,
				0E60EC152BACB563000C8D20 /* Authentification */,
				0E2D46852BAC468A00593FF2 /* TabBar */,
				0E2D46872BAC4A5800593FF2 /* Home */,
				0E2D46862BAC4A5000593FF2 /* Search */,
				0E2D468E2BAC4AE200593FF2 /* Favorites */,
				0E2D46942BAC4B4D00593FF2 /* Profile */,
				0E2D46912BAC4B0A00593FF2 /* Cart */,
				0E2D46842BAC45B600593FF2 /* Components */,
			);
			path = Core;
			sourceTree = "<group>";
		};
		0E2D46842BAC45B600593FF2 /* Components */ = {
			isa = PBXGroup;
			children = (
				0E1D20812BAD822A00450D8B /* TextFieldCustom.swift */,
			);
			path = Components;
			sourceTree = "<group>";
		};
		0E2D46852BAC468A00593FF2 /* TabBar */ = {
			isa = PBXGroup;
			children = (
				0E2D46752BAC36B200593FF2 /* TabBarView.swift */,
				0E1D209C2BADDE1C00450D8B /* TabBarViewViewModel.swift */,
			);
			path = TabBar;
			sourceTree = "<group>";
		};
		0E2D46862BAC4A5000593FF2 /* Search */ = {
			isa = PBXGroup;
			children = (
				0E2D468C2BAC4AA900593FF2 /* SearchView.swift */,
			);
			path = Search;
			sourceTree = "<group>";
		};
		0E2D46872BAC4A5800593FF2 /* Home */ = {
			isa = PBXGroup;
			children = (
				0E2D468A2BAC4A9C00593FF2 /* HomeView.swift */,
				0E60EC142BACB2EE000C8D20 /* SubViews */,
			);
			path = Home;
			sourceTree = "<group>";
		};
		0E2D468E2BAC4AE200593FF2 /* Favorites */ = {
			isa = PBXGroup;
			children = (
				0E2D468F2BAC4B0200593FF2 /* FavoritesView.swift */,
			);
			path = Favorites;
			sourceTree = "<group>";
		};
		0E2D46912BAC4B0A00593FF2 /* Cart */ = {
			isa = PBXGroup;
			children = (
				0E2D46922BAC4B3F00593FF2 /* CartView.swift */,
			);
			path = Cart;
			sourceTree = "<group>";
		};
		0E2D46942BAC4B4D00593FF2 /* Profile */ = {
			isa = PBXGroup;
			children = (
				0E2D46952BAC4B5E00593FF2 /* ProfileView.swift */,
				0E1D209E2BADE39900450D8B /* ProfileViewModel.swift */,
				0E60EC112BACB25B000C8D20 /* SubViews */,
			);
			path = Profile;
			sourceTree = "<group>";
		};
		0E2D46992BAC4E4D00593FF2 /* Models */ = {
			isa = PBXGroup;
			children = (
				0E2D469A2BAC4EF300593FF2 /* Category.swift */,
				0E2D46A22BAC584800593FF2 /* Product.swift */,
				0E60EC0F2BAC9797000C8D20 /* User.swift */,
			);
			path = Models;
			sourceTree = "<group>";
		};
		0E2D46A42BAC85B400593FF2 /* Utils */ = {
			isa = PBXGroup;
			children = (
				0E1D20952BADA8AA00450D8B /* FirebaseReferanceCollection.swift */,
			);
			path = Utils;
			sourceTree = "<group>";
		};
		0E60EC112BACB25B000C8D20 /* SubViews */ = {
			isa = PBXGroup;
			children = (
				0E60EC122BACB26D000C8D20 /* EditProfileView.swift */,
			);
			path = SubViews;
			sourceTree = "<group>";
		};
		0E60EC142BACB2EE000C8D20 /* SubViews */ = {
			isa = PBXGroup;
			children = (
				0E2D469C2BAC578900593FF2 /* ProductsView.swift */,
				0E2D469E2BAC57A700593FF2 /* ProductDetailView.swift */,
				0E2D46A02BAC580C00593FF2 /* ProductCellView.swift */,
			);
			path = SubViews;
			sourceTree = "<group>";
		};
		0E60EC152BACB563000C8D20 /* Authentification */ = {
			isa = PBXGroup;
			children = (
				0E1D20852BAD9E0E00450D8B /* Views */,
				0E1D20A02BADEDBB00450D8B /* ViewModel */,
			);
			path = Authentification;
			sourceTree = "<group>";
		};
/* End PBXGroup section */

/* Begin PBXNativeTarget section */
		0E2D466F2BAC36B200593FF2 /* eBay2.0 */ = {
			isa = PBXNativeTarget;
			buildConfigurationList = 0E2D467E2BAC36B400593FF2 /* Build configuration list for PBXNativeTarget "eBay2.0" */;
			buildPhases = (
				0E2D466C2BAC36B200593FF2 /* Sources */,
				0E2D466D2BAC36B200593FF2 /* Frameworks */,
				0E2D466E2BAC36B200593FF2 /* Resources */,
			);
			buildRules = (
			);
			dependencies = (
			);
			name = eBay2.0;
			packageProductDependencies = (
				0E1D208B2BADA21B00450D8B /* FirebaseAuth */,
				0E1D208D2BADA21B00450D8B /* FirebaseDatabase */,
				0E1D208F2BADA21B00450D8B /* FirebaseFirestore */,
				0E1D20912BADA21B00450D8B /* FirebaseFirestoreSwift */,
			);
			productName = eBay2.0;
			productReference = 0E2D46702BAC36B200593FF2 /* eBay2.0.app */;
			productType = "com.apple.product-type.application";
		};
/* End PBXNativeTarget section */

/* Begin PBXProject section */
		0E2D46682BAC36B200593FF2 /* Project object */ = {
			isa = PBXProject;
			attributes = {
				BuildIndependentTargetsInParallel = 1;
				LastSwiftUpdateCheck = 1420;
				LastUpgradeCheck = 1420;
				TargetAttributes = {
					0E2D466F2BAC36B200593FF2 = {
						CreatedOnToolsVersion = 14.2;
					};
				};
			};
			buildConfigurationList = 0E2D466B2BAC36B200593FF2 /* Build configuration list for PBXProject "eBay2.0" */;
			compatibilityVersion = "Xcode 14.0";
			developmentRegion = en;
			hasScannedForEncodings = 0;
			knownRegions = (
				en,
				Base,
			);
			mainGroup = 0E2D46672BAC36B200593FF2;
			packageReferences = (
				0E1D208A2BADA21B00450D8B /* XCRemoteSwiftPackageReference "firebase-ios-sdk" */,
			);
			productRefGroup = 0E2D46712BAC36B200593FF2 /* Products */;
			projectDirPath = "";
			projectRoot = "";
			targets = (
				0E2D466F2BAC36B200593FF2 /* eBay2.0 */,
			);
		};
/* End PBXProject section */

/* Begin PBXResourcesBuildPhase section */
		0E2D466E2BAC36B200593FF2 /* Resources */ = {
			isa = PBXResourcesBuildPhase;
			buildActionMask = 2147483647;
			files = (
				0E2D467B2BAC36B400593FF2 /* Preview Assets.xcassets in Resources */,
				0E2D46782BAC36B400593FF2 /* Assets.xcassets in Resources */,
				0E1D20942BADA78200450D8B /* GoogleService-Info.plist in Resources */,
			);
			runOnlyForDeploymentPostprocessing = 0;
		};
/* End PBXResourcesBuildPhase section */

/* Begin PBXSourcesBuildPhase section */
		0E2D466C2BAC36B200593FF2 /* Sources */ = {
			isa = PBXSourcesBuildPhase;
			buildActionMask = 2147483647;
			files = (
				0E60EC132BACB26D000C8D20 /* EditProfileView.swift in Sources */,
				0E1D20842BAD9DBF00450D8B /* RegisterViewModel.swift in Sources */,
				0E60EC102BAC9797000C8D20 /* User.swift in Sources */,
				0E2D469D2BAC578900593FF2 /* ProductsView.swift in Sources */,
				0E60EC172BACB58E000C8D20 /* LoginView.swift in Sources */,
				0E2D46932BAC4B3F00593FF2 /* CartView.swift in Sources */,
				0E1D209F2BADE39900450D8B /* ProfileViewModel.swift in Sources */,
				0E2D46902BAC4B0200593FF2 /* FavoritesView.swift in Sources */,
				0E1D20822BAD822A00450D8B /* TextFieldCustom.swift in Sources */,
				0E2D468D2BAC4AA900593FF2 /* SearchView.swift in Sources */,
				0E2D46A12BAC580C00593FF2 /* ProductCellView.swift in Sources */,
				0E1D20872BAD9FE600450D8B /* AuthentificationService.swift in Sources */,
				0E2D46A32BAC584800593FF2 /* Product.swift in Sources */,
				0E1D209D2BADDE1C00450D8B /* TabBarViewViewModel.swift in Sources */,
				0E2D46962BAC4B5E00593FF2 /* ProfileView.swift in Sources */,
				0E2D468B2BAC4A9C00593FF2 /* HomeView.swift in Sources */,
				0E1D20982BADC5A200450D8B /* UserService.swift in Sources */,
				0E2D469F2BAC57A700593FF2 /* ProductDetailView.swift in Sources */,
				0E2D46762BAC36B200593FF2 /* TabBarView.swift in Sources */,
				0E60EC192BACB59B000C8D20 /* RegisterView.swift in Sources */,
				0E1D20A22BADEDD700450D8B /* LoginViewModel.swift in Sources */,
				0E2D46742BAC36B200593FF2 /* eBay2_0App.swift in Sources */,
				0E1D20962BADA8AA00450D8B /* FirebaseReferanceCollection.swift in Sources */,
				0E2D469B2BAC4EF300593FF2 /* Category.swift in Sources */,
			);
			runOnlyForDeploymentPostprocessing = 0;
		};
/* End PBXSourcesBuildPhase section */

/* Begin XCBuildConfiguration section */
		0E2D467C2BAC36B400593FF2 /* Debug */ = {
			isa = XCBuildConfiguration;
			buildSettings = {
				ALWAYS_SEARCH_USER_PATHS = NO;
				CLANG_ANALYZER_NONNULL = YES;
				CLANG_ANALYZER_NUMBER_OBJECT_CONVERSION = YES_AGGRESSIVE;
				CLANG_CXX_LANGUAGE_STANDARD = "gnu++20";
				CLANG_ENABLE_MODULES = YES;
				CLANG_ENABLE_OBJC_ARC = YES;
				CLANG_ENABLE_OBJC_WEAK = YES;
				CLANG_WARN_BLOCK_CAPTURE_AUTORELEASING = YES;
				CLANG_WARN_BOOL_CONVERSION = YES;
				CLANG_WARN_COMMA = YES;
				CLANG_WARN_CONSTANT_CONVERSION = YES;
				CLANG_WARN_DEPRECATED_OBJC_IMPLEMENTATIONS = YES;
				CLANG_WARN_DIRECT_OBJC_ISA_USAGE = YES_ERROR;
				CLANG_WARN_DOCUMENTATION_COMMENTS = YES;
				CLANG_WARN_EMPTY_BODY = YES;
				CLANG_WARN_ENUM_CONVERSION = YES;
				CLANG_WARN_INFINITE_RECURSION = YES;
				CLANG_WARN_INT_CONVERSION = YES;
				CLANG_WARN_NON_LITERAL_NULL_CONVERSION = YES;
				CLANG_WARN_OBJC_IMPLICIT_RETAIN_SELF = YES;
				CLANG_WARN_OBJC_LITERAL_CONVERSION = YES;
				CLANG_WARN_OBJC_ROOT_CLASS = YES_ERROR;
				CLANG_WARN_QUOTED_INCLUDE_IN_FRAMEWORK_HEADER = YES;
				CLANG_WARN_RANGE_LOOP_ANALYSIS = YES;
				CLANG_WARN_STRICT_PROTOTYPES = YES;
				CLANG_WARN_SUSPICIOUS_MOVE = YES;
				CLANG_WARN_UNGUARDED_AVAILABILITY = YES_AGGRESSIVE;
				CLANG_WARN_UNREACHABLE_CODE = YES;
				CLANG_WARN__DUPLICATE_METHOD_MATCH = YES;
				COPY_PHASE_STRIP = NO;
				DEBUG_INFORMATION_FORMAT = dwarf;
				ENABLE_STRICT_OBJC_MSGSEND = YES;
				ENABLE_TESTABILITY = YES;
				GCC_C_LANGUAGE_STANDARD = gnu11;
				GCC_DYNAMIC_NO_PIC = NO;
				GCC_NO_COMMON_BLOCKS = YES;
				GCC_OPTIMIZATION_LEVEL = 0;
				GCC_PREPROCESSOR_DEFINITIONS = (
					"DEBUG=1",
					"$(inherited)",
				);
				GCC_WARN_64_TO_32_BIT_CONVERSION = YES;
				GCC_WARN_ABOUT_RETURN_TYPE = YES_ERROR;
				GCC_WARN_UNDECLARED_SELECTOR = YES;
				GCC_WARN_UNINITIALIZED_AUTOS = YES_AGGRESSIVE;
				GCC_WARN_UNUSED_FUNCTION = YES;
				GCC_WARN_UNUSED_VARIABLE = YES;
				IPHONEOS_DEPLOYMENT_TARGET = 16.2;
				MTL_ENABLE_DEBUG_INFO = INCLUDE_SOURCE;
				MTL_FAST_MATH = YES;
				ONLY_ACTIVE_ARCH = YES;
				SDKROOT = iphoneos;
				SWIFT_ACTIVE_COMPILATION_CONDITIONS = DEBUG;
				SWIFT_OPTIMIZATION_LEVEL = "-Onone";
			};
			name = Debug;
		};
		0E2D467D2BAC36B400593FF2 /* Release */ = {
			isa = XCBuildConfiguration;
			buildSettings = {
				ALWAYS_SEARCH_USER_PATHS = NO;
				CLANG_ANALYZER_NONNULL = YES;
				CLANG_ANALYZER_NUMBER_OBJECT_CONVERSION = YES_AGGRESSIVE;
				CLANG_CXX_LANGUAGE_STANDARD = "gnu++20";
				CLANG_ENABLE_MODULES = YES;
				CLANG_ENABLE_OBJC_ARC = YES;
				CLANG_ENABLE_OBJC_WEAK = YES;
				CLANG_WARN_BLOCK_CAPTURE_AUTORELEASING = YES;
				CLANG_WARN_BOOL_CONVERSION = YES;
				CLANG_WARN_COMMA = YES;
				CLANG_WARN_CONSTANT_CONVERSION = YES;
				CLANG_WARN_DEPRECATED_OBJC_IMPLEMENTATIONS = YES;
				CLANG_WARN_DIRECT_OBJC_ISA_USAGE = YES_ERROR;
				CLANG_WARN_DOCUMENTATION_COMMENTS = YES;
				CLANG_WARN_EMPTY_BODY = YES;
				CLANG_WARN_ENUM_CONVERSION = YES;
				CLANG_WARN_INFINITE_RECURSION = YES;
				CLANG_WARN_INT_CONVERSION = YES;
				CLANG_WARN_NON_LITERAL_NULL_CONVERSION = YES;
				CLANG_WARN_OBJC_IMPLICIT_RETAIN_SELF = YES;
				CLANG_WARN_OBJC_LITERAL_CONVERSION = YES;
				CLANG_WARN_OBJC_ROOT_CLASS = YES_ERROR;
				CLANG_WARN_QUOTED_INCLUDE_IN_FRAMEWORK_HEADER = YES;
				CLANG_WARN_RANGE_LOOP_ANALYSIS = YES;
				CLANG_WARN_STRICT_PROTOTYPES = YES;
				CLANG_WARN_SUSPICIOUS_MOVE = YES;
				CLANG_WARN_UNGUARDED_AVAILABILITY = YES_AGGRESSIVE;
				CLANG_WARN_UNREACHABLE_CODE = YES;
				CLANG_WARN__DUPLICATE_METHOD_MATCH = YES;
				COPY_PHASE_STRIP = NO;
				DEBUG_INFORMATION_FORMAT = "dwarf-with-dsym";
				ENABLE_NS_ASSERTIONS = NO;
				ENABLE_STRICT_OBJC_MSGSEND = YES;
				GCC_C_LANGUAGE_STANDARD = gnu11;
				GCC_NO_COMMON_BLOCKS = YES;
				GCC_WARN_64_TO_32_BIT_CONVERSION = YES;
				GCC_WARN_ABOUT_RETURN_TYPE = YES_ERROR;
				GCC_WARN_UNDECLARED_SELECTOR = YES;
				GCC_WARN_UNINITIALIZED_AUTOS = YES_AGGRESSIVE;
				GCC_WARN_UNUSED_FUNCTION = YES;
				GCC_WARN_UNUSED_VARIABLE = YES;
				IPHONEOS_DEPLOYMENT_TARGET = 16.2;
				MTL_ENABLE_DEBUG_INFO = NO;
				MTL_FAST_MATH = YES;
				SDKROOT = iphoneos;
				SWIFT_COMPILATION_MODE = wholemodule;
				SWIFT_OPTIMIZATION_LEVEL = "-O";
				VALIDATE_PRODUCT = YES;
			};
			name = Release;
		};
		0E2D467F2BAC36B400593FF2 /* Debug */ = {
			isa = XCBuildConfiguration;
			buildSettings = {
				ASSETCATALOG_COMPILER_APPICON_NAME = AppIcon;
				ASSETCATALOG_COMPILER_GLOBAL_ACCENT_COLOR_NAME = AccentColor;
				CODE_SIGN_STYLE = Automatic;
				CURRENT_PROJECT_VERSION = 1;
				DEVELOPMENT_ASSET_PATHS = "\"eBay2.0/Preview Content\"";
				DEVELOPMENT_TEAM = 5ZQD66TR3H;
				ENABLE_PREVIEWS = YES;
				GENERATE_INFOPLIST_FILE = YES;
				INFOPLIST_KEY_UIApplicationSceneManifest_Generation = YES;
				INFOPLIST_KEY_UIApplicationSupportsIndirectInputEvents = YES;
				INFOPLIST_KEY_UILaunchScreen_Generation = YES;
				INFOPLIST_KEY_UISupportedInterfaceOrientations_iPad = "UIInterfaceOrientationPortrait UIInterfaceOrientationPortraitUpsideDown UIInterfaceOrientationLandscapeLeft UIInterfaceOrientationLandscapeRight";
				INFOPLIST_KEY_UISupportedInterfaceOrientations_iPhone = "UIInterfaceOrientationPortrait UIInterfaceOrientationLandscapeLeft UIInterfaceOrientationLandscapeRight";
				LD_RUNPATH_SEARCH_PATHS = (
					"$(inherited)",
					"@executable_path/Frameworks",
				);
				MARKETING_VERSION = 1.0;
				PRODUCT_BUNDLE_IDENTIFIER = "Dan-Hozan.eBay2-0";
				PRODUCT_NAME = "$(TARGET_NAME)";
				SWIFT_EMIT_LOC_STRINGS = YES;
				SWIFT_VERSION = 5.0;
				TARGETED_DEVICE_FAMILY = "1,2";
			};
			name = Debug;
		};
		0E2D46802BAC36B400593FF2 /* Release */ = {
			isa = XCBuildConfiguration;
			buildSettings = {
				ASSETCATALOG_COMPILER_APPICON_NAME = AppIcon;
				ASSETCATALOG_COMPILER_GLOBAL_ACCENT_COLOR_NAME = AccentColor;
				CODE_SIGN_STYLE = Automatic;
				CURRENT_PROJECT_VERSION = 1;
				DEVELOPMENT_ASSET_PATHS = "\"eBay2.0/Preview Content\"";
				DEVELOPMENT_TEAM = 5ZQD66TR3H;
				ENABLE_PREVIEWS = YES;
				GENERATE_INFOPLIST_FILE = YES;
				INFOPLIST_KEY_UIApplicationSceneManifest_Generation = YES;
				INFOPLIST_KEY_UIApplicationSupportsIndirectInputEvents = YES;
				INFOPLIST_KEY_UILaunchScreen_Generation = YES;
				INFOPLIST_KEY_UISupportedInterfaceOrientations_iPad = "UIInterfaceOrientationPortrait UIInterfaceOrientationPortraitUpsideDown UIInterfaceOrientationLandscapeLeft UIInterfaceOrientationLandscapeRight";
				INFOPLIST_KEY_UISupportedInterfaceOrientations_iPhone = "UIInterfaceOrientationPortrait UIInterfaceOrientationLandscapeLeft UIInterfaceOrientationLandscapeRight";
				LD_RUNPATH_SEARCH_PATHS = (
					"$(inherited)",
					"@executable_path/Frameworks",
				);
				MARKETING_VERSION = 1.0;
				PRODUCT_BUNDLE_IDENTIFIER = "Dan-Hozan.eBay2-0";
				PRODUCT_NAME = "$(TARGET_NAME)";
				SWIFT_EMIT_LOC_STRINGS = YES;
				SWIFT_VERSION = 5.0;
				TARGETED_DEVICE_FAMILY = "1,2";
			};
			name = Release;
		};
/* End XCBuildConfiguration section */

/* Begin XCConfigurationList section */
		0E2D466B2BAC36B200593FF2 /* Build configuration list for PBXProject "eBay2.0" */ = {
			isa = XCConfigurationList;
			buildConfigurations = (
				0E2D467C2BAC36B400593FF2 /* Debug */,
				0E2D467D2BAC36B400593FF2 /* Release */,
			);
			defaultConfigurationIsVisible = 0;
			defaultConfigurationName = Release;
		};
		0E2D467E2BAC36B400593FF2 /* Build configuration list for PBXNativeTarget "eBay2.0" */ = {
			isa = XCConfigurationList;
			buildConfigurations = (
				0E2D467F2BAC36B400593FF2 /* Debug */,
				0E2D46802BAC36B400593FF2 /* Release */,
			);
			defaultConfigurationIsVisible = 0;
			defaultConfigurationName = Release;
		};
/* End XCConfigurationList section */

/* Begin XCRemoteSwiftPackageReference section */
		0E1D208A2BADA21B00450D8B /* XCRemoteSwiftPackageReference "firebase-ios-sdk" */ = {
			isa = XCRemoteSwiftPackageReference;
			repositoryURL = "https://github.com/firebase/firebase-ios-sdk.git";
			requirement = {
				branch = main;
				kind = branch;
			};
		};
/* End XCRemoteSwiftPackageReference section */

/* Begin XCSwiftPackageProductDependency section */
		0E1D208B2BADA21B00450D8B /* FirebaseAuth */ = {
			isa = XCSwiftPackageProductDependency;
			package = 0E1D208A2BADA21B00450D8B /* XCRemoteSwiftPackageReference "firebase-ios-sdk" */;
			productName = FirebaseAuth;
		};
		0E1D208D2BADA21B00450D8B /* FirebaseDatabase */ = {
			isa = XCSwiftPackageProductDependency;
			package = 0E1D208A2BADA21B00450D8B /* XCRemoteSwiftPackageReference "firebase-ios-sdk" */;
			productName = FirebaseDatabase;
		};
		0E1D208F2BADA21B00450D8B /* FirebaseFirestore */ = {
			isa = XCSwiftPackageProductDependency;
			package = 0E1D208A2BADA21B00450D8B /* XCRemoteSwiftPackageReference "firebase-ios-sdk" */;
			productName = FirebaseFirestore;
		};
		0E1D20912BADA21B00450D8B /* FirebaseFirestoreSwift */ = {
			isa = XCSwiftPackageProductDependency;
			package = 0E1D208A2BADA21B00450D8B /* XCRemoteSwiftPackageReference "firebase-ios-sdk" */;
			productName = FirebaseFirestoreSwift;
		};
/* End XCSwiftPackageProductDependency section */
	};
	rootObject = 0E2D46682BAC36B200593FF2 /* Project object */;
}
